{
  "name": "Speakup_v2",
  "lockfileVersion": 3,
  "requires": true,
  "packages": {
    "": {
      "dependencies": {
        "hls.js": "^1.4.7"
      }
    },
    "node_modules/hls.js": {
      "version": "1.4.7",
      "resolved": "https://registry.npmjs.org/hls.js/-/hls.js-1.4.7.tgz",
      "integrity": "sha512-dvwJXLlYES6wb7DR42uuTrio5sUTsIoWbuNeQS4xHMqfVBZ0KAlJlBmjFAo4s20/0XRhsMjWf5bx0kq5Lgvv1w=="
    }
  }
}
